github.com/beevik/guid v0.0.0-20170504223318-d0ea8faecee0 h1:oLd/YLOTOgA4D4aAUhIE8vhl/LAP1ZJrj0mDQpl7GB8=
github.com/beevik/guid v0.0.0-20170504223318-d0ea8faecee0/go.mod h1:XzXWuOd1wJ63MtICHh5+PnvCuxsB/d58T8TswEhI/9I=
golang.org/x/xerrors v0.0.0-20200804184101-5ec99f83aff1 h1:go1bK/D/BFZV2I8cIQd1NKEZ+0owSTG1fDTci4IqFcE=
golang.org/x/xerrors v0.0.0-20200804184101-5ec99f83aff1/go.mod h1:I/5z698sn9Ka8TeJc9MKroUUfqBBauWjQqLJ2OPfmY0=
