github.com/lunixbochs/struc v0.0.0-20200707160740-784aaebc1d40/go.mod h1:vy1vK6wD6j7xX6O6hXe621WabdtNkou2h7uRtTfRMyg=
github.com/masahiro331/go-disk v0.0.0-20220220182714-f5f832728b22 h1:dxxThZ2TVix0KsvCLDZd8mWfMOiKJPjQz9AN7Yi/iqo=
github.com/masahiro331/go-disk v0.0.0-20220220182714-f5f832728b22/go.mod h1:FpuMk0KxP0dQr//u24anYIDeYHACnonVXyqzgGBcauI=
github.com/masahiro331/go-ext4-filesystem v0.0.0-20220223051406-4de5dcd813f3 h1:jbXAwRL/9/sL2SvjBc9O8bwOR1zt3TbAjt04U4EiN9w=
github.com/masahiro331/go-ext4-filesystem v0.0.0-20220223051406-4de5dcd813f3/go.mod h1:6vxksi3bFan3aUUz7qhmM3QXwlopKKD45roWHsuLWKo=
golang.org/x/xerrors v0.0.0-20200804184101-5ec99f83aff1 h1:go1bK/D/BFZV2I8cIQd1NKEZ+0owSTG1fDTci4IqFcE=
golang.org/x/xerrors v0.0.0-20200804184101-5ec99f83aff1/go.mod h1:I/5z698sn9Ka8TeJc9MKroUUfqBBauWjQqLJ2OPfmY0=
